
Microsoft Visual Studio Solution File, Format Version 11.00
# Visual Studio 2010
Project("{FAE04EC0-301F-11D3-BF4B-00C04F79EFBC}") = "ServerCleanupUtility", "ServerCleanupUtility\ServerCleanupUtility.csproj", "{70170BF9-D2DC-49C1-AF30-849D2C7E1D16}"
EndProject
Global
	GlobalSection(TeamFoundationVersionControl) = preSolution
		SccNumberOfProjects = 2
		SccEnterpriseProvider = {4CA58AB2-18FA-4F8D-95D4-32DDF27D184C}
		SccTeamFoundationServer = http://tfs.visualstatement.com:8080/tfs/tfs.visualstatement.net
		SccLocalPath0 = .
		SccProjectUniqueName1 = ServerCleanupUtility\\ServerCleanupUtility.csproj
		SccProjectName1 = ServerCleanupUtility
		SccLocalPath1 = ServerCleanupUtility
	EndGlobalSection
	GlobalSection(SolutionConfigurationPlatforms) = preSolution
		Debug|x86 = Debug|x86
		Release|x86 = Release|x86
	EndGlobalSection
	GlobalSection(ProjectConfigurationPlatforms) = postSolution
		{70170BF9-D2DC-49C1-AF30-849D2C7E1D16}.Debug|x86.ActiveCfg = Debug|x86
		{70170BF9-D2DC-49C1-AF30-849D2C7E1D16}.Debug|x86.Build.0 = Debug|x86
		{70170BF9-D2DC-49C1-AF30-849D2C7E1D16}.Release|x86.ActiveCfg = Release|x86
		{70170BF9-D2DC-49C1-AF30-849D2C7E1D16}.Release|x86.Build.0 = Release|x86
	EndGlobalSection
	GlobalSection(SolutionProperties) = preSolution
		HideSolutionNode = FALSE
	EndGlobalSection
EndGlobal
